
Microsoft Visual Studio Solution File, Format Version 12.00
# Visual Studio Version 17
VisualStudioVersion = 17.9.34728.123
MinimumVisualStudioVersion = 10.0.40219.1
Project("{FAE04EC0-301F-11D3-BF4B-00C04F79EFBC}") = "Email Integration Api", "Email Integration Api\Email Integration Api.csproj", "{06CDDF27-AA70-4CEF-8B2D-1586C273FDE3}"
EndProject
Global
	GlobalSection(SolutionConfigurationPlatforms) = preSolution
		Debug|Any CPU = Debug|Any CPU
		Release|Any CPU = Release|Any CPU
	EndGlobalSection
	GlobalSection(ProjectConfigurationPlatforms) = postSolution
		{06CDDF27-AA70-4CEF-8B2D-1586C273FDE3}.Debug|Any CPU.ActiveCfg = Debug|Any CPU
		{06CDDF27-AA70-4CEF-8B2D-1586C273FDE3}.Debug|Any CPU.Build.0 = Debug|Any CPU
		{06CDDF27-AA70-4CEF-8B2D-1586C273FDE3}.Release|Any CPU.ActiveCfg = Release|Any CPU
		{06CDDF27-AA70-4CEF-8B2D-1586C273FDE3}.Release|Any CPU.Build.0 = Release|Any CPU
	EndGlobalSection
	GlobalSection(SolutionProperties) = preSolution
		HideSolutionNode = FALSE
	EndGlobalSection
	GlobalSection(ExtensibilityGlobals) = postSolution
		SolutionGuid = {95E9855F-891B-4DB7-BEFD-7C9A2117B76F}
	EndGlobalSection
EndGlobal
